{
    "_readme": [
        "This file locks the dependencies of your project to a known state",
        "Read more about it at https://getcomposer.org/doc/01-basic-usage.md#composer-lock-the-lock-file",
        "This file is @generated automatically"
    ],
    "hash": "73887262deb01163e65515c3eaa26642",
    "content-hash": "5f9e3f24366c57d8da5782a96b8a5115",
    "packages": [
        {
            "name": "chuyskywalker/rolling-curl",
            "version": "dev-master",
            "source": {
                "type": "git",
                "url": "https://github.com/chuyskywalker/rolling-curl.git",
                "reference": "f7ff82f5705bd44bde92fd47524b759f616e473a"
            },
            "dist": {
                "type": "zip",
                "url": "https://api.github.com/repos/chuyskywalker/rolling-curl/zipball/f7ff82f5705bd44bde92fd47524b759f616e473a",
                "reference": "f7ff82f5705bd44bde92fd47524b759f616e473a",
                "shasum": ""
            },
            "require": {
                "ext-curl": "*",
                "lib-curl": "*",
                "php": ">=5.3.0"
            },
            "type": "library",
            "autoload": {
                "psr-0": {
                    "RollingCurl": "src/"
                }
            },
            "notification-url": "https://packagist.org/downloads/",
            "license": [
                "Apache-2.0"
            ],
            "authors": [
                {
                    "name": "Jeff Minard",
                    "homepage": "http://jrm.cc/",
                    "role": "Developer"
                },
                {
                    "name": "Josh Fraser",
                    "email": "joshfraz@gmail.com",
                    "homepage": "http://joshfraser.com/",
                    "role": "Developer"
                },
                {
                    "name": "Alexander Makarov",
                    "email": "sam@rmcreative.ru",
                    "homepage": "http://rmcreative.ru/",
                    "role": "Developer"
                }
            ],
            "description": "Rolling-Curl: A non-blocking, non-dos multi-curl library for PHP",
            "homepage": "https://github.com/chuyskywalker/rolling-curl",
            "keywords": [
                "asynchronous",
                "curl",
                "http",
                "multi",
                "parallel",
                "requests"
            ],
            "time": "2015-03-29 02:37:47"
        },
        {
            "name": "composer/ca-bundle",
            "version": "1.0.2",
            "source": {
                "type": "git",
                "url": "https://github.com/composer/ca-bundle.git",
                "reference": "a2995e5fe351055f2c7630166af12ce8fd03edfc"
            },
            "dist": {
                "type": "zip",
                "url": "https://api.github.com/repos/composer/ca-bundle/zipball/a2995e5fe351055f2c7630166af12ce8fd03edfc",
                "reference": "a2995e5fe351055f2c7630166af12ce8fd03edfc",
                "shasum": ""
            },
            "require": {
                "php": "^5.3.2 || ^7.0"
            },
            "require-dev": {
                "symfony/process": "^2.5 || ^3.0"
            },
            "suggest": {
                "symfony/process": "This is necessary to reliably check whether openssl_x509_parse is vulnerable on older php versions, but can be ignored on PHP 5.5.6+"
            },
            "type": "library",
            "extra": {
                "branch-alias": {
                    "dev-master": "1.x-dev"
                }
            },
            "autoload": {
                "psr-4": {
                    "Composer\\CaBundle\\": "src"
                }
            },
            "notification-url": "https://packagist.org/downloads/",
            "license": [
                "MIT"
            ],
            "authors": [
                {
                    "name": "Jordi Boggiano",
                    "email": "j.boggiano@seld.be",
                    "homepage": "http://seld.be"
                }
            ],
            "description": "Lets you find a path to the system CA bundle, and includes a fallback to the Mozilla CA bundle.",
            "keywords": [
                "cabundle",
                "cacert",
                "certificate",
                "ssl",
                "tls"
            ],
            "time": "2016-04-13 10:13:24"
        },
        {
            "name": "composer/composer",
            "version": "dev-master",
            "source": {
                "type": "git",
                "url": "https://github.com/composer/composer.git",
                "reference": "4569f528f66739ec0a3be1075e2c01d6062b0b41"
            },
            "dist": {
                "type": "zip",
                "url": "https://api.github.com/repos/composer/composer/zipball/4569f528f66739ec0a3be1075e2c01d6062b0b41",
                "reference": "4569f528f66739ec0a3be1075e2c01d6062b0b41",
                "shasum": ""
            },
            "require": {
                "composer/ca-bundle": "^1.0",
                "composer/semver": "^1.0",
                "composer/spdx-licenses": "^1.0",
                "justinrainbow/json-schema": "^1.6 || ^2.0",
                "php": "^5.3.2 || ^7.0",
                "psr/log": "^1.0",
                "seld/cli-prompt": "^1.0",
                "seld/jsonlint": "^1.4",
                "seld/phar-utils": "^1.0",
                "symfony/console": "^2.5 || ^3.0",
                "symfony/filesystem": "^2.5 || ^3.0",
                "symfony/finder": "^2.2 || ^3.0",
                "symfony/process": "^2.1 || ^3.0"
            },
            "require-dev": {
                "phpunit/phpunit": "~4.0"
            },
            "suggest": {
                "ext-openssl": "Enabling the openssl extension allows you to access https URLs for repositories and packages",
                "ext-zip": "Enabling the zip extension allows you to unzip archives, and allows gzip compression of all internet traffic"
            },
            "bin": [
                "bin/composer"
            ],
            "type": "library",
            "extra": {
                "branch-alias": {
                    "dev-master": "1.0-dev"
                }
            },
            "autoload": {
                "psr-0": {
                    "Composer": "src/"
                }
            },
            "notification-url": "https://packagist.org/downloads/",
            "license": [
                "MIT"
            ],
            "authors": [
                {
                    "name": "Nils Adermann",
                    "email": "naderman@naderman.de",
                    "homepage": "http://www.naderman.de"
                },
                {
                    "name": "Jordi Boggiano",
                    "email": "j.boggiano@seld.be",
                    "homepage": "http://seld.be"
                }
            ],
            "description": "Composer helps you declare, manage and install dependencies of PHP projects, ensuring you have the right stack everywhere.",
            "homepage": "http://getcomposer.org/",
            "keywords": [
                "autoload",
                "dependency",
                "package"
            ],
            "time": "2014-12-22 11:50:02"
        },
        {
            "name": "composer/semver",
            "version": "1.4.0",
            "source": {
                "type": "git",
                "url": "https://github.com/composer/semver.git",
                "reference": "84c47f3d8901440403217afc120683c7385aecb8"
            },
            "dist": {
                "type": "zip",
                "url": "https://api.github.com/repos/composer/semver/zipball/84c47f3d8901440403217afc120683c7385aecb8",
                "reference": "84c47f3d8901440403217afc120683c7385aecb8",
                "shasum": ""
            },
            "require": {
                "php": "^5.3.2 || ^7.0"
            },
            "require-dev": {
                "phpunit/phpunit": "^4.5 || ^5.0.5",
                "phpunit/phpunit-mock-objects": "2.3.0 || ^3.0"
            },
            "type": "library",
            "extra": {
                "branch-alias": {
                    "dev-master": "1.x-dev"
                }
            },
            "autoload": {
                "psr-4": {
                    "Composer\\Semver\\": "src"
                }
            },
            "notification-url": "https://packagist.org/downloads/",
            "license": [
                "MIT"
            ],
            "authors": [
                {
                    "name": "Nils Adermann",
                    "email": "naderman@naderman.de",
                    "homepage": "http://www.naderman.de"
                },
                {
                    "name": "Jordi Boggiano",
                    "email": "j.boggiano@seld.be",
                    "homepage": "http://seld.be"
                },
                {
                    "name": "Rob Bast",
                    "email": "rob.bast@gmail.com",
                    "homepage": "http://robbast.nl"
                }
            ],
            "description": "Semver library that offers utilities, version constraint parsing and validation.",
            "keywords": [
                "semantic",
                "semver",
                "validation",
                "versioning"
            ],
            "time": "2016-03-30 13:16:03"
        },
        {
            "name": "composer/spdx-licenses",
            "version": "1.1.4",
            "source": {
                "type": "git",
                "url": "https://github.com/composer/spdx-licenses.git",
                "reference": "88c26372b1afac36d8db601cdf04ad8716f53d88"
            },
            "dist": {
                "type": "zip",
                "url": "https://api.github.com/repos/composer/spdx-licenses/zipball/88c26372b1afac36d8db601cdf04ad8716f53d88",
                "reference": "88c26372b1afac36d8db601cdf04ad8716f53d88",
                "shasum": ""
            },
            "require": {
                "php": "^5.3.2 || ^7.0"
            },
            "require-dev": {
                "phpunit/phpunit": "^4.5 || ^5.0.5",
                "phpunit/phpunit-mock-objects": "2.3.0 || ^3.0"
            },
            "type": "library",
            "extra": {
                "branch-alias": {
                    "dev-master": "1.x-dev"
                }
            },
            "autoload": {
                "psr-4": {
                    "Composer\\Spdx\\": "src"
                }
            },
            "notification-url": "https://packagist.org/downloads/",
            "license": [
                "MIT"
            ],
            "authors": [
                {
                    "name": "Nils Adermann",
                    "email": "naderman@naderman.de",
                    "homepage": "http://www.naderman.de"
                },
                {
                    "name": "Jordi Boggiano",
                    "email": "j.boggiano@seld.be",
                    "homepage": "http://seld.be"
                },
                {
                    "name": "Rob Bast",
                    "email": "rob.bast@gmail.com",
                    "homepage": "http://robbast.nl"
                }
            ],
            "description": "SPDX licenses list and validation library.",
            "keywords": [
                "license",
                "spdx",
                "validator"
            ],
            "time": "2016-05-04 12:27:30"
        },
        {
            "name": "doctrine/common",
            "version": "2.2.3",
            "source": {
                "type": "git",
                "url": "https://github.com/doctrine/common.git",
                "reference": "9e13facbacb001d324d71a0f6d25d8d7f12346b6"
            },
            "dist": {
                "type": "zip",
                "url": "https://api.github.com/repos/doctrine/common/zipball/9e13facbacb001d324d71a0f6d25d8d7f12346b6",
                "reference": "9e13facbacb001d324d71a0f6d25d8d7f12346b6",
                "shasum": ""
            },
            "require": {
                "php": ">=5.3.2"
            },
            "type": "library",
            "autoload": {
                "psr-0": {
                    "Doctrine\\Common": "lib/"
                }
            },
            "notification-url": "https://packagist.org/downloads/",
            "license": [
                "LGPL"
            ],
            "authors": [
                {
                    "name": "Jonathan Wage",
                    "email": "jonwage@gmail.com",
                    "homepage": "http://www.jwage.com/",
                    "role": "Creator"
                },
                {
                    "name": "Guilherme Blanco",
                    "email": "guilhermeblanco@gmail.com",
                    "homepage": "http://www.instaclick.com"
                },
                {
                    "name": "Roman Borschel",
                    "email": "roman@code-factory.org"
                },
                {
                    "name": "Benjamin Eberlei",
                    "email": "kontakt@beberlei.de"
                },
                {
                    "name": "Johannes Schmitt",
                    "email": "schmittjoh@gmail.com",
                    "homepage": "https://github.com/schmittjoh",
                    "role": "Developer of wrapped JMSSerializerBundle"
                }
            ],
            "description": "Common Library for Doctrine projects",
            "homepage": "http://www.doctrine-project.org",
            "keywords": [
                "annotations",
                "collections",
                "eventmanager",
                "persistence",
                "spl"
            ],
            "time": "2012-08-29 08:04:14"
        },
        {
            "name": "doctrine/dbal",
            "version": "2.2.2",
            "source": {
                "type": "git",
                "url": "https://github.com/doctrine/dbal.git",
                "reference": "ee8f64111d03df2dbf3c106214514fce4a9857ab"
            },
            "dist": {
                "type": "zip",
                "url": "https://api.github.com/repos/doctrine/dbal/zipball/ee8f64111d03df2dbf3c106214514fce4a9857ab",
                "reference": "ee8f64111d03df2dbf3c106214514fce4a9857ab",
                "shasum": ""
            },
            "require": {
                "doctrine/common": ">=2.2.0,<=2.2.99",
                "php": ">=5.3.2"
            },
            "type": "library",
            "autoload": {
                "psr-0": {
                    "Doctrine\\DBAL": "lib/"
                }
            },
            "notification-url": "https://packagist.org/downloads/",
            "license": [
                "LGPL"
            ],
            "authors": [
                {
                    "name": "Jonathan Wage",
                    "email": "jonwage@gmail.com",
                    "homepage": "http://www.jwage.com/",
                    "role": "Creator"
                },
                {
                    "name": "Guilherme Blanco",
                    "email": "guilhermeblanco@gmail.com",
                    "homepage": "http://www.instaclick.com"
                },
                {
                    "name": "Roman Borschel",
                    "email": "roman@code-factory.org"
                },
                {
                    "name": "Benjamin Eberlei",
                    "email": "kontakt@beberlei.de"
                }
            ],
            "description": "Database Abstraction Layer",
            "homepage": "http://www.doctrine-project.org",
            "keywords": [
                "database",
                "dbal",
                "persistence",
                "queryobject"
            ],
            "time": "2012-04-13 07:56:12"
        },
        {
            "name": "franmomu/silex-pagerfanta-provider",
            "version": "dev-master",
            "source": {
                "type": "git",
                "url": "https://github.com/franmomu/silex-pagerfanta-provider.git",
                "reference": "e39f47a9d2c447d36daee0d3b587b78a2742e31d"
            },
            "dist": {
                "type": "zip",
                "url": "https://api.github.com/repos/franmomu/silex-pagerfanta-provider/zipball/e39f47a9d2c447d36daee0d3b587b78a2742e31d",
                "reference": "e39f47a9d2c447d36daee0d3b587b78a2742e31d",
                "shasum": ""
            },
            "require": {
                "pagerfanta/pagerfanta": "~1.0,>=1.0.3",
                "silex/silex": "~1.0",
                "symfony/property-access": "~2.2"
            },
            "type": "library",
            "extra": {
                "branch-alias": {
                    "dev-master": "1.0.x-dev"
                }
            },
            "autoload": {
                "psr-0": {
                    "FranMoreno": "src/"
                }
            },
            "notification-url": "https://packagist.org/downloads/",
            "license": [
                "MIT"
            ],
            "authors": [
                {
                    "name": "Fran Moreno",
                    "email": "franmomu@gmail.com",
                    "homepage": "http://showmethecode.es"
                }
            ],
            "description": "Silex ServiceProvider for Pagerfanta Library",
            "homepage": "https://github.com/franmomu/silex-pagerfanta-provider",
            "keywords": [
                "pagerfanta",
                "service provider",
                "silex"
            ],
            "time": "2015-06-13 08:30:59"
        },
        {
            "name": "justinrainbow/json-schema",
            "version": "2.0.4",
            "source": {
                "type": "git",
                "url": "https://github.com/justinrainbow/json-schema.git",
                "reference": "5c133a3e336c2b35a4233f5da4cc15f083ea128d"
            },
            "dist": {
                "type": "zip",
                "url": "https://api.github.com/repos/justinrainbow/json-schema/zipball/5c133a3e336c2b35a4233f5da4cc15f083ea128d",
                "reference": "5c133a3e336c2b35a4233f5da4cc15f083ea128d",
                "shasum": ""
            },
            "require": {
                "php": ">=5.3.3"
            },
            "require-dev": {
                "json-schema/json-schema-test-suite": "1.2.0",
                "phpdocumentor/phpdocumentor": "~2",
                "phpunit/phpunit": "^4.8.22"
            },
            "bin": [
                "bin/validate-json"
            ],
            "type": "library",
            "extra": {
                "branch-alias": {
                    "dev-master": "2.0.x-dev"
                }
            },
            "autoload": {
                "psr-4": {
                    "JsonSchema\\": "src/JsonSchema/"
                }
            },
            "notification-url": "https://packagist.org/downloads/",
            "license": [
                "MIT"
            ],
            "authors": [
                {
                    "name": "Bruno Prieto Reis",
                    "email": "bruno.p.reis@gmail.com"
                },
                {
                    "name": "Justin Rainbow",
                    "email": "justin.rainbow@gmail.com"
                },
                {
                    "name": "Igor Wiedler",
                    "email": "igor@wiedler.ch"
                },
                {
                    "name": "Robert Schönthal",
                    "email": "seroscho@googlemail.com"
                }
            ],
            "description": "A library to validate a json schema.",
            "homepage": "https://github.com/justinrainbow/json-schema",
            "keywords": [
                "json",
                "schema"
            ],
            "time": "2016-05-24 17:38:18"
        },
        {
            "name": "knplabs/console-service-provider",
            "version": "dev-master",
            "source": {
                "type": "git",
                "url": "https://github.com/KnpLabs/ConsoleServiceProvider.git",
                "reference": "55dba6d5698f44d159b9cd24a1e2989be4e85235"
            },
            "dist": {
                "type": "zip",
                "url": "https://api.github.com/repos/KnpLabs/ConsoleServiceProvider/zipball/55dba6d5698f44d159b9cd24a1e2989be4e85235",
                "reference": "55dba6d5698f44d159b9cd24a1e2989be4e85235",
                "shasum": ""
            },
            "require": {
                "php": ">=5.3.2",
                "symfony/console": "~2.3|~3.0"
            },
            "type": "library",
            "autoload": {
                "psr-0": {
                    "Knp\\": ""
                }
            },
            "notification-url": "https://packagist.org/downloads/",
            "license": [
                "MIT"
            ],
            "authors": [
                {
                    "name": "Knplabs",
                    "homepage": "http://knplabs.com"
                }
            ],
            "description": "console service provider for Silex",
            "homepage": "http://knplabs.com",
            "keywords": [
                "console",
                "silex"
            ],
            "time": "2016-05-07 22:05:19"
        },
        {
            "name": "pagerfanta/pagerfanta",
            "version": "dev-master",
            "source": {
                "type": "git",
                "url": "https://github.com/whiteoctober/Pagerfanta.git",
                "reference": "63729ff5edd69072f0e34dc88d205975e2dd5164"
            },
            "dist": {
                "type": "zip",
                "url": "https://api.github.com/repos/whiteoctober/Pagerfanta/zipball/63729ff5edd69072f0e34dc88d205975e2dd5164",
                "reference": "63729ff5edd69072f0e34dc88d205975e2dd5164",
                "shasum": ""
            },
            "require": {
                "php": ">=5.3.0"
            },
            "require-dev": {
                "doctrine/orm": "~2.3",
                "doctrine/phpcr-odm": "1.*",
                "jackalope/jackalope-doctrine-dbal": "1.*",
                "jmikola/geojson": "~1.0",
                "mandango/mandango": "~1.0@dev",
                "mandango/mondator": "~1.0@dev",
                "phpunit/phpunit": "~4",
                "propel/propel1": "~1.6",
                "ruflin/elastica": "~1.3",
                "solarium/solarium": "~3.1"
            },
            "suggest": {
                "doctrine/mongodb-odm": "To use the DoctrineODMMongoDBAdapter.",
                "doctrine/orm": "To use the DoctrineORMAdapter.",
                "doctrine/phpcr-odm": "To use the DoctrineODMPhpcrAdapter. >= 1.1.0",
                "mandango/mandango": "To use the MandangoAdapter.",
                "propel/propel1": "To use the PropelAdapter",
                "solarium/solarium": "To use the SolariumAdapter."
            },
            "type": "library",
            "extra": {
                "branch-alias": {
                    "dev-master": "1.0.x-dev"
                }
            },
            "autoload": {
                "psr-0": {
                    "Pagerfanta\\": "src/"
                }
            },
            "notification-url": "https://packagist.org/downloads/",
            "license": [
                "MIT"
            ],
            "authors": [
                {
                    "name": "Pablo Díez",
                    "email": "pablodip@gmail.com"
                }
            ],
            "description": "Pagination for PHP 5.3",
            "keywords": [
                "page",
                "pagination",
                "paginator",
                "paging"
            ],
            "time": "2016-05-26 15:47:30"
        },
        {
            "name": "pimple/pimple",
            "version": "v1.1.1",
            "source": {
                "type": "git",
                "url": "https://github.com/silexphp/Pimple.git",
                "reference": "2019c145fe393923f3441b23f29bbdfaa5c58c4d"
            },
            "dist": {
                "type": "zip",
                "url": "https://api.github.com/repos/silexphp/Pimple/zipball/2019c145fe393923f3441b23f29bbdfaa5c58c4d",
                "reference": "2019c145fe393923f3441b23f29bbdfaa5c58c4d",
                "shasum": ""
            },
            "require": {
                "php": ">=5.3.0"
            },
            "type": "library",
            "extra": {
                "branch-alias": {
                    "dev-master": "1.1.x-dev"
                }
            },
            "autoload": {
                "psr-0": {
                    "Pimple": "lib/"
                }
            },
            "notification-url": "https://packagist.org/downloads/",
            "license": [
                "MIT"
            ],
            "authors": [
                {
                    "name": "Fabien Potencier",
                    "email": "fabien@symfony.com"
                }
            ],
            "description": "Pimple is a simple Dependency Injection Container for PHP 5.3",
            "homepage": "http://pimple.sensiolabs.org",
            "keywords": [
                "container",
                "dependency injection"
            ],
            "time": "2013-11-22 08:30:29"
        },
        {
            "name": "psr/log",
            "version": "1.0.0",
            "source": {
                "type": "git",
                "url": "https://github.com/php-fig/log.git",
                "reference": "fe0936ee26643249e916849d48e3a51d5f5e278b"
            },
            "dist": {
                "type": "zip",
                "url": "https://api.github.com/repos/php-fig/log/zipball/fe0936ee26643249e916849d48e3a51d5f5e278b",
                "reference": "fe0936ee26643249e916849d48e3a51d5f5e278b",
                "shasum": ""
            },
            "type": "library",
            "autoload": {
                "psr-0": {
                    "Psr\\Log\\": ""
                }
            },
            "notification-url": "https://packagist.org/downloads/",
            "license": [
                "MIT"
            ],
            "authors": [
                {
                    "name": "PHP-FIG",
                    "homepage": "http://www.php-fig.org/"
                }
            ],
            "description": "Common interface for logging libraries",
            "keywords": [
                "log",
                "psr",
                "psr-3"
            ],
            "time": "2012-12-21 11:40:51"
        },
        {
            "name": "seld/cli-prompt",
            "version": "1.0.2",
            "source": {
                "type": "git",
                "url": "https://github.com/Seldaek/cli-prompt.git",
                "reference": "8cbe10923cae5bcd7c5a713f6703fc4727c8c1b4"
            },
            "dist": {
                "type": "zip",
                "url": "https://api.github.com/repos/Seldaek/cli-prompt/zipball/8cbe10923cae5bcd7c5a713f6703fc4727c8c1b4",
                "reference": "8cbe10923cae5bcd7c5a713f6703fc4727c8c1b4",
                "shasum": ""
            },
            "require": {
                "php": ">=5.3"
            },
            "type": "library",
            "extra": {
                "branch-alias": {
                    "dev-master": "1.x-dev"
                }
            },
            "autoload": {
                "psr-4": {
                    "Seld\\CliPrompt\\": "src/"
                }
            },
            "notification-url": "https://packagist.org/downloads/",
            "license": [
                "MIT"
            ],
            "authors": [
                {
                    "name": "Jordi Boggiano",
                    "email": "j.boggiano@seld.be"
                }
            ],
            "description": "Allows you to prompt for user input on the command line, and optionally hide the characters they type",
            "keywords": [
                "cli",
                "console",
                "hidden",
                "input",
                "prompt"
            ],
            "time": "2016-04-18 09:31:41"
        },
        {
            "name": "seld/jsonlint",
            "version": "1.4.0",
            "source": {
                "type": "git",
                "url": "https://github.com/Seldaek/jsonlint.git",
                "reference": "66834d3e3566bb5798db7294619388786ae99394"
            },
            "dist": {
                "type": "zip",
                "url": "https://api.github.com/repos/Seldaek/jsonlint/zipball/66834d3e3566bb5798db7294619388786ae99394",
                "reference": "66834d3e3566bb5798db7294619388786ae99394",
                "shasum": ""
            },
            "require": {
                "php": "^5.3 || ^7.0"
            },
            "bin": [
                "bin/jsonlint"
            ],
            "type": "library",
            "autoload": {
                "psr-4": {
                    "Seld\\JsonLint\\": "src/Seld/JsonLint/"
                }
            },
            "notification-url": "https://packagist.org/downloads/",
            "license": [
                "MIT"
            ],
            "authors": [
                {
                    "name": "Jordi Boggiano",
                    "email": "j.boggiano@seld.be",
                    "homepage": "http://seld.be"
                }
            ],
            "description": "JSON Linter",
            "keywords": [
                "json",
                "linter",
                "parser",
                "validator"
            ],
            "time": "2015-11-21 02:21:41"
        },
        {
            "name": "seld/phar-utils",
            "version": "1.0.1",
            "source": {
                "type": "git",
                "url": "https://github.com/Seldaek/phar-utils.git",
                "reference": "7009b5139491975ef6486545a39f3e6dad5ac30a"
            },
            "dist": {
                "type": "zip",
                "url": "https://api.github.com/repos/Seldaek/phar-utils/zipball/7009b5139491975ef6486545a39f3e6dad5ac30a",
                "reference": "7009b5139491975ef6486545a39f3e6dad5ac30a",
                "shasum": ""
            },
            "require": {
                "php": ">=5.3"
            },
            "type": "library",
            "extra": {
                "branch-alias": {
                    "dev-master": "1.x-dev"
                }
            },
            "autoload": {
                "psr-4": {
                    "Seld\\PharUtils\\": "src/"
                }
            },
            "notification-url": "https://packagist.org/downloads/",
            "license": [
                "MIT"
            ],
            "authors": [
                {
                    "name": "Jordi Boggiano",
                    "email": "j.boggiano@seld.be"
                }
            ],
            "description": "PHAR file format utilities, for when PHP phars you up",
            "keywords": [
                "phra"
            ],
            "time": "2015-10-13 18:44:15"
        },
        {
            "name": "silex/silex",
            "version": "v1.3.5",
            "source": {
                "type": "git",
                "url": "https://github.com/silexphp/Silex.git",
                "reference": "374c7e04040a6f781c90f7d746726a5daa78e783"
            },
            "dist": {
                "type": "zip",
                "url": "https://api.github.com/repos/silexphp/Silex/zipball/374c7e04040a6f781c90f7d746726a5daa78e783",
                "reference": "374c7e04040a6f781c90f7d746726a5daa78e783",
                "shasum": ""
            },
            "require": {
                "php": ">=5.3.9",
                "pimple/pimple": "~1.0",
                "symfony/event-dispatcher": "~2.3|3.0.*",
                "symfony/http-foundation": "~2.3|3.0.*",
                "symfony/http-kernel": "~2.3|3.0.*",
                "symfony/routing": "~2.3|3.0.*"
            },
            "require-dev": {
                "doctrine/dbal": "~2.2",
                "monolog/monolog": "^1.4.1",
                "swiftmailer/swiftmailer": "~5",
                "symfony/browser-kit": "~2.3|3.0.*",
                "symfony/config": "~2.3|3.0.*",
                "symfony/css-selector": "~2.3|3.0.*",
                "symfony/debug": "~2.3|3.0.*",
                "symfony/dom-crawler": "~2.3|3.0.*",
                "symfony/finder": "~2.3|3.0.*",
                "symfony/form": "~2.3|3.0.*",
                "symfony/locale": "~2.3|3.0.*",
                "symfony/monolog-bridge": "~2.3|3.0.*",
                "symfony/options-resolver": "~2.3|3.0.*",
                "symfony/phpunit-bridge": "~2.7",
                "symfony/process": "~2.3|3.0.*",
                "symfony/security": "~2.3|3.0.*",
                "symfony/serializer": "~2.3|3.0.*",
                "symfony/translation": "~2.3|3.0.*",
                "symfony/twig-bridge": "~2.3|3.0.*",
                "symfony/validator": "~2.3|3.0.*",
                "twig/twig": "~1.8|~2.0"
            },
            "type": "library",
            "extra": {
                "branch-alias": {
                    "dev-master": "1.3.x-dev"
                }
            },
            "autoload": {
                "psr-4": {
                    "Silex\\": "src/Silex"
                }
            },
            "notification-url": "https://packagist.org/downloads/",
            "license": [
                "MIT"
            ],
            "authors": [
                {
                    "name": "Fabien Potencier",
                    "email": "fabien@symfony.com"
                },
                {
                    "name": "Igor Wiedler",
                    "email": "igor@wiedler.ch"
                }
            ],
            "description": "The PHP micro-framework based on the Symfony Components",
            "homepage": "http://silex.sensiolabs.org",
            "keywords": [
                "microframework"
            ],
            "time": "2016-01-06 14:59:35"
        },
        {
            "name": "symfony/symfony",
            "version": "v2.6.1",
            "source": {
                "type": "git",
                "url": "https://github.com/symfony/symfony.git",
                "reference": "d805dfd67950848ec0338b4acd75777b340977b7"
            },
            "dist": {
                "type": "zip",
                "url": "https://api.github.com/repos/symfony/symfony/zipball/d805dfd67950848ec0338b4acd75777b340977b7",
                "reference": "d805dfd67950848ec0338b4acd75777b340977b7",
                "shasum": ""
            },
            "require": {
                "doctrine/common": "~2.2",
                "php": ">=5.3.3",
                "psr/log": "~1.0",
                "twig/twig": "~1.12"
            },
            "replace": {
                "symfony/browser-kit": "self.version",
                "symfony/class-loader": "self.version",
                "symfony/config": "self.version",
                "symfony/console": "self.version",
                "symfony/css-selector": "self.version",
                "symfony/debug": "self.version",
                "symfony/debug-bundle": "self.version",
                "symfony/dependency-injection": "self.version",
                "symfony/doctrine-bridge": "self.version",
                "symfony/dom-crawler": "self.version",
                "symfony/event-dispatcher": "self.version",
                "symfony/expression-language": "self.version",
                "symfony/filesystem": "self.version",
                "symfony/finder": "self.version",
                "symfony/form": "self.version",
                "symfony/framework-bundle": "self.version",
                "symfony/http-foundation": "self.version",
                "symfony/http-kernel": "self.version",
                "symfony/intl": "self.version",
                "symfony/locale": "self.version",
                "symfony/monolog-bridge": "self.version",
                "symfony/options-resolver": "self.version",
                "symfony/process": "self.version",
                "symfony/propel1-bridge": "self.version",
                "symfony/property-access": "self.version",
                "symfony/proxy-manager-bridge": "self.version",
                "symfony/routing": "self.version",
                "symfony/security": "self.version",
                "symfony/security-acl": "self.version",
                "symfony/security-bundle": "self.version",
                "symfony/security-core": "self.version",
                "symfony/security-csrf": "self.version",
                "symfony/security-http": "self.version",
                "symfony/serializer": "self.version",
                "symfony/stopwatch": "self.version",
                "symfony/swiftmailer-bridge": "self.version",
                "symfony/templating": "self.version",
                "symfony/translation": "self.version",
                "symfony/twig-bridge": "self.version",
                "symfony/twig-bundle": "self.version",
                "symfony/validator": "self.version",
                "symfony/var-dumper": "self.version",
                "symfony/web-profiler-bundle": "self.version",
                "symfony/yaml": "self.version"
            },
            "require-dev": {
                "doctrine/data-fixtures": "1.0.*",
                "doctrine/dbal": "~2.2",
                "doctrine/doctrine-bundle": "~1.2",
                "doctrine/orm": "~2.2,>=2.2.3",
                "egulias/email-validator": "~1.2",
                "ircmaxell/password-compat": "~1.0",
                "monolog/monolog": "~1.11",
                "ocramius/proxy-manager": ">=0.3.1,<0.6-dev",
                "propel/propel1": "~1.6"
            },
            "type": "library",
            "extra": {
                "branch-alias": {
                    "dev-master": "2.6-dev"
                }
            },
            "autoload": {
                "psr-0": {
                    "Symfony\\": "src/"
                },
                "classmap": [
                    "src/Symfony/Component/HttpFoundation/Resources/stubs",
                    "src/Symfony/Component/Intl/Resources/stubs"
                ],
                "files": [
                    "src/Symfony/Component/Intl/Resources/stubs/functions.php"
                ]
            },
            "notification-url": "https://packagist.org/downloads/",
            "license": [
                "MIT"
            ],
            "authors": [
                {
                    "name": "Symfony Community",
                    "homepage": "http://symfony.com/contributors"
                },
                {
                    "name": "Fabien Potencier",
                    "email": "fabien@symfony.com"
                }
            ],
            "description": "The Symfony PHP framework",
            "homepage": "http://symfony.com",
            "keywords": [
                "framework"
            ],
            "time": "2014-12-03 16:40:43"
        },
        {
            "name": "twig/twig",
            "version": "v1.24.0",
            "source": {
                "type": "git",
                "url": "https://github.com/twigphp/Twig.git",
                "reference": "3e5aa30ebfbafd5951fb1b01e338e1800ce7e0e8"
            },
            "dist": {
                "type": "zip",
                "url": "https://api.github.com/repos/twigphp/Twig/zipball/3e5aa30ebfbafd5951fb1b01e338e1800ce7e0e8",
                "reference": "3e5aa30ebfbafd5951fb1b01e338e1800ce7e0e8",
                "shasum": ""
            },
            "require": {
                "php": ">=5.2.7"
            },
            "require-dev": {
                "symfony/debug": "~2.7",
                "symfony/phpunit-bridge": "~2.7"
            },
            "type": "library",
            "extra": {
                "branch-alias": {
                    "dev-master": "1.24-dev"
                }
            },
            "autoload": {
                "psr-0": {
                    "Twig_": "lib/"
                }
            },
            "notification-url": "https://packagist.org/downloads/",
            "license": [
                "BSD-3-Clause"
            ],
            "authors": [
                {
                    "name": "Fabien Potencier",
                    "email": "fabien@symfony.com",
                    "homepage": "http://fabien.potencier.org",
                    "role": "Lead Developer"
                },
                {
                    "name": "Armin Ronacher",
                    "email": "armin.ronacher@active-4.com",
                    "role": "Project Founder"
                },
                {
                    "name": "Twig Team",
                    "homepage": "http://twig.sensiolabs.org/contributors",
                    "role": "Contributors"
                }
            ],
            "description": "Twig, the flexible, fast, and secure template language for PHP",
            "homepage": "http://twig.sensiolabs.org",
            "keywords": [
                "templating"
            ],
            "time": "2016-01-25 21:22:18"
        }
    ],
    "packages-dev": [],
    "aliases": [],
    "minimum-stability": "stable",
    "stability-flags": {
        "composer/composer": 20,
        "chuyskywalker/rolling-curl": 20,
        "pagerfanta/pagerfanta": 20,
        "franmomu/silex-pagerfanta-provider": 20,
        "knplabs/console-service-provider": 20
    },
    "prefer-stable": false,
    "prefer-lowest": false,
    "platform": {
        "php": ">=5.3.2"
    },
    "platform-dev": []
}
